github.com/Red-Sock/protoc-gen-npm/v0.0.17 v0.0.17 h1:HyaD3OQX7fkeJkj8cpfk6llKsAt99ThclamXUxq6Elo=
github.com/googleapis/googleapis v0.0.0-20260306153240-8f70147e819ed25cc75c73c4037ce64f9cbb68db h1:obTwfKm7zufDwAVCKMJX4EB2S/L9oN3SQnLGZF9jm0U=
github.com/vervstack/Matreshka v0.0.0-20260309090607-b8cbc004c1c5008698d696608852d7d6aa794b02 h1:9eqKSmAvNW+ipDhZJYscRM87EJFNC15yzZeuTgqvTPM=
